// !$*UTF8*$!
{
   archiveVersion = "1";
   objectVersion = "46";
   objects = {
      "OBJ_1" = {
         isa = "PBXProject";
         attributes = {
            LastSwiftMigration = "9999";
            LastUpgradeCheck = "9999";
         };
         buildConfigurationList = "OBJ_2";
         compatibilityVersion = "Xcode 3.2";
         developmentRegion = "en";
         hasScannedForEncodings = "0";
         knownRegions = (
            "en"
         );
         mainGroup = "OBJ_5";
         productRefGroup = "OBJ_149";
         projectDirPath = ".";
         targets = (
            "OpenCastSwift::OpenCastSwift",
            "OpenCastSwift::SwiftPMPackageDescription",
            "SwiftProtobuf::SwiftProtobuf",
            "SwiftProtobuf::SwiftPMPackageDescription",
            "SwiftProtobuf::SwiftProtobufPluginLibrary",
            "SwiftyJSON::SwiftyJSON",
            "SwiftyJSON::SwiftPMPackageDescription"
         );
      };
      "OBJ_10" = {
         isa = "PBXGroup";
         children = (
            "OBJ_11",
            "OBJ_12"
         );
         name = "Helpers";
         path = "Helpers";
         sourceTree = "<group>";
      };
      "OBJ_100" = {
         isa = "PBXFileReference";
         path = "SelectiveVisitor.swift";
         sourceTree = "<group>";
      };
      "OBJ_101" = {
         isa = "PBXFileReference";
         path = "SimpleExtensionMap.swift";
         sourceTree = "<group>";
      };
      "OBJ_102" = {
         isa = "PBXFileReference";
         path = "StringUtils.swift";
         sourceTree = "<group>";
      };
      "OBJ_103" = {
         isa = "PBXFileReference";
         path = "TextFormatDecoder.swift";
         sourceTree = "<group>";
      };
      "OBJ_104" = {
         isa = "PBXFileReference";
         path = "TextFormatDecodingError.swift";
         sourceTree = "<group>";
      };
      "OBJ_105" = {
         isa = "PBXFileReference";
         path = "TextFormatEncoder.swift";
         sourceTree = "<group>";
      };
      "OBJ_106" = {
         isa = "PBXFileReference";
         path = "TextFormatEncodingOptions.swift";
         sourceTree = "<group>";
      };
      "OBJ_107" = {
         isa = "PBXFileReference";
         path = "TextFormatEncodingVisitor.swift";
         sourceTree = "<group>";
      };
      "OBJ_108" = {
         isa = "PBXFileReference";
         path = "TextFormatScanner.swift";
         sourceTree = "<group>";
      };
      "OBJ_109" = {
         isa = "PBXFileReference";
         path = "TimeUtils.swift";
         sourceTree = "<group>";
      };
      "OBJ_11" = {
         isa = "PBXFileReference";
         path = "CastV2PlatformReader.swift";
         sourceTree = "<group>";
      };
      "OBJ_110" = {
         isa = "PBXFileReference";
         path = "UnknownStorage.swift";
         sourceTree = "<group>";
      };
      "OBJ_111" = {
         isa = "PBXFileReference";
         path = "UnsafeBufferPointer+Shims.swift";
         sourceTree = "<group>";
      };
      "OBJ_112" = {
         isa = "PBXFileReference";
         path = "UnsafeRawPointer+Shims.swift";
         sourceTree = "<group>";
      };
      "OBJ_113" = {
         isa = "PBXFileReference";
         path = "Varint.swift";
         sourceTree = "<group>";
      };
      "OBJ_114" = {
         isa = "PBXFileReference";
         path = "Version.swift";
         sourceTree = "<group>";
      };
      "OBJ_115" = {
         isa = "PBXFileReference";
         path = "Visitor.swift";
         sourceTree = "<group>";
      };
      "OBJ_116" = {
         isa = "PBXFileReference";
         path = "WireFormat.swift";
         sourceTree = "<group>";
      };
      "OBJ_117" = {
         isa = "PBXFileReference";
         path = "ZigZag.swift";
         sourceTree = "<group>";
      };
      "OBJ_118" = {
         isa = "PBXFileReference";
         path = "any.pb.swift";
         sourceTree = "<group>";
      };
      "OBJ_119" = {
         isa = "PBXFileReference";
         path = "api.pb.swift";
         sourceTree = "<group>";
      };
      "OBJ_12" = {
         isa = "PBXGroup";
         children = (
            "OBJ_13"
         );
         name = "Proto";
         path = "Proto";
         sourceTree = "<group>";
      };
      "OBJ_120" = {
         isa = "PBXFileReference";
         path = "descriptor.pb.swift";
         sourceTree = "<group>";
      };
      "OBJ_121" = {
         isa = "PBXFileReference";
         path = "duration.pb.swift";
         sourceTree = "<group>";
      };
      "OBJ_122" = {
         isa = "PBXFileReference";
         path = "empty.pb.swift";
         sourceTree = "<group>";
      };
      "OBJ_123" = {
         isa = "PBXFileReference";
         path = "field_mask.pb.swift";
         sourceTree = "<group>";
      };
      "OBJ_124" = {
         isa = "PBXFileReference";
         path = "source_context.pb.swift";
         sourceTree = "<group>";
      };
      "OBJ_125" = {
         isa = "PBXFileReference";
         path = "struct.pb.swift";
         sourceTree = "<group>";
      };
      "OBJ_126" = {
         isa = "PBXFileReference";
         path = "timestamp.pb.swift";
         sourceTree = "<group>";
      };
      "OBJ_127" = {
         isa = "PBXFileReference";
         path = "type.pb.swift";
         sourceTree = "<group>";
      };
      "OBJ_128" = {
         isa = "PBXFileReference";
         path = "wrappers.pb.swift";
         sourceTree = "<group>";
      };
      "OBJ_129" = {
         isa = "PBXGroup";
         children = (
            "OBJ_130",
            "OBJ_131",
            "OBJ_132",
            "OBJ_133",
            "OBJ_134",
            "OBJ_135",
            "OBJ_136",
            "OBJ_137",
            "OBJ_138",
            "OBJ_139",
            "OBJ_140",
            "OBJ_141",
            "OBJ_142",
            "OBJ_143",
            "OBJ_144",
            "OBJ_145",
            "OBJ_146"
         );
         name = "SwiftProtobufPluginLibrary";
         path = ".build/checkouts/swift-protobuf/Sources/SwiftProtobufPluginLibrary";
         sourceTree = "SOURCE_ROOT";
      };
      "OBJ_13" = {
         isa = "PBXFileReference";
         path = "cast_channel.pb.swift";
         sourceTree = "<group>";
      };
      "OBJ_130" = {
         isa = "PBXFileReference";
         path = "Array+Extensions.swift";
         sourceTree = "<group>";
      };
      "OBJ_131" = {
         isa = "PBXFileReference";
         path = "CodePrinter.swift";
         sourceTree = "<group>";
      };
      "OBJ_132" = {
         isa = "PBXFileReference";
         path = "Descriptor+Extensions.swift";
         sourceTree = "<group>";
      };
      "OBJ_133" = {
         isa = "PBXFileReference";
         path = "Descriptor.swift";
         sourceTree = "<group>";
      };
      "OBJ_134" = {
         isa = "PBXFileReference";
         path = "FieldNumbers.swift";
         sourceTree = "<group>";
      };
      "OBJ_135" = {
         isa = "PBXFileReference";
         path = "Google_Protobuf_Compiler_CodeGeneratorResponse+Extensions.swift";
         sourceTree = "<group>";
      };
      "OBJ_136" = {
         isa = "PBXFileReference";
         path = "Google_Protobuf_SourceCodeInfo+Extensions.swift";
         sourceTree = "<group>";
      };
      "OBJ_137" = {
         isa = "PBXFileReference";
         path = "NamingUtils.swift";
         sourceTree = "<group>";
      };
      "OBJ_138" = {
         isa = "PBXFileReference";
         path = "ProtoFileToModuleMappings.swift";
         sourceTree = "<group>";
      };
      "OBJ_139" = {
         isa = "PBXFileReference";
         path = "ProvidesLocationPath.swift";
         sourceTree = "<group>";
      };
      "OBJ_14" = {
         isa = "PBXGroup";
         children = (
            "OBJ_15",
            "OBJ_16",
            "OBJ_17",
            "OBJ_18",
            "OBJ_19",
            "OBJ_20",
            "OBJ_21",
            "OBJ_22",
            "OBJ_23"
         );
         name = "Models";
         path = "Models";
         sourceTree = "<group>";
      };
      "OBJ_140" = {
         isa = "PBXFileReference";
         path = "ProvidesSourceCodeLocation.swift";
         sourceTree = "<group>";
      };
      "OBJ_141" = {
         isa = "PBXFileReference";
         path = "SwiftLanguage.swift";
         sourceTree = "<group>";
      };
      "OBJ_142" = {
         isa = "PBXFileReference";
         path = "SwiftProtobufInfo.swift";
         sourceTree = "<group>";
      };
      "OBJ_143" = {
         isa = "PBXFileReference";
         path = "SwiftProtobufNamer.swift";
         sourceTree = "<group>";
      };
      "OBJ_144" = {
         isa = "PBXFileReference";
         path = "UnicodeScalar+Extensions.swift";
         sourceTree = "<group>";
      };
      "OBJ_145" = {
         isa = "PBXFileReference";
         path = "plugin.pb.swift";
         sourceTree = "<group>";
      };
      "OBJ_146" = {
         isa = "PBXFileReference";
         path = "swift_protobuf_module_mappings.pb.swift";
         sourceTree = "<group>";
      };
      "OBJ_147" = {
         isa = "PBXGroup";
         children = (
         );
         name = "protoc-gen-swift";
         path = ".build/checkouts/swift-protobuf/Sources/protoc-gen-swift";
         sourceTree = "SOURCE_ROOT";
      };
      "OBJ_148" = {
         isa = "PBXFileReference";
         explicitFileType = "sourcecode.swift";
         name = "Package.swift";
         path = "/Users/marcus/Documents/Projects/OpenCastSwift/.build/checkouts/swift-protobuf/Package.swift";
         sourceTree = "<group>";
      };
      "OBJ_149" = {
         isa = "PBXGroup";
         children = (
            "SwiftyJSON::SwiftyJSON::Product",
            "OpenCastSwift::OpenCastSwift::Product",
            "SwiftProtobuf::SwiftProtobufPluginLibrary::Product",
            "SwiftProtobuf::SwiftProtobuf::Product"
         );
         name = "Products";
         path = "";
         sourceTree = "BUILT_PRODUCTS_DIR";
      };
      "OBJ_15" = {
         isa = "PBXFileReference";
         path = "AppAvailability.swift";
         sourceTree = "<group>";
      };
      "OBJ_154" = {
         isa = "PBXFileReference";
         path = "Sample iOS App";
         sourceTree = "SOURCE_ROOT";
      };
      "OBJ_155" = {
         isa = "PBXFileReference";
         path = "OpenCastSwift.xcworkspace";
         sourceTree = "SOURCE_ROOT";
      };
      "OBJ_156" = {
         isa = "PBXFileReference";
         path = "Carthage";
         sourceTree = "SOURCE_ROOT";
      };
      "OBJ_157" = {
         isa = "PBXFileReference";
         path = "Sample Mac App";
         sourceTree = "SOURCE_ROOT";
      };
      "OBJ_158" = {
         isa = "PBXFileReference";
         path = "LICENSE";
         sourceTree = "<group>";
      };
      "OBJ_159" = {
         isa = "PBXFileReference";
         path = "README.md";
         sourceTree = "<group>";
      };
      "OBJ_16" = {
         isa = "PBXFileReference";
         path = "CastApp.swift";
         sourceTree = "<group>";
      };
      "OBJ_160" = {
         isa = "PBXFileReference";
         path = "Gemfile";
         sourceTree = "<group>";
      };
      "OBJ_161" = {
         isa = "PBXFileReference";
         path = "Gemfile.lock";
         sourceTree = "<group>";
      };
      "OBJ_163" = {
         isa = "XCConfigurationList";
         buildConfigurations = (
            "OBJ_164",
            "OBJ_165"
         );
         defaultConfigurationIsVisible = "0";
         defaultConfigurationName = "Release";
      };
      "OBJ_164" = {
         isa = "XCBuildConfiguration";
         buildSettings = {
            ENABLE_TESTABILITY = "YES";
            FRAMEWORK_SEARCH_PATHS = (
               "$(inherited)",
               "$(PLATFORM_DIR)/Developer/Library/Frameworks"
            );
            HEADER_SEARCH_PATHS = (
               "$(inherited)"
            );
            INFOPLIST_FILE = "OpenCastSwift.xcodeproj/OpenCastSwift_Info.plist";
            IPHONEOS_DEPLOYMENT_TARGET = "11.0";
            LD_RUNPATH_SEARCH_PATHS = (
               "$(inherited)",
               "$(TOOLCHAIN_DIR)/usr/lib/swift/macosx"
            );
            MACOSX_DEPLOYMENT_TARGET = "10.11";
            OTHER_CFLAGS = (
               "$(inherited)"
            );
            OTHER_LDFLAGS = (
               "$(inherited)"
            );
            OTHER_SWIFT_FLAGS = (
               "$(inherited)"
            );
            PRODUCT_BUNDLE_IDENTIFIER = "OpenCastSwift";
            PRODUCT_MODULE_NAME = "$(TARGET_NAME:c99extidentifier)";
            PRODUCT_NAME = "$(TARGET_NAME:c99extidentifier)";
            SKIP_INSTALL = "YES";
            SWIFT_ACTIVE_COMPILATION_CONDITIONS = (
               "$(inherited)"
            );
            SWIFT_VERSION = "5.0";
            TARGET_NAME = "OpenCastSwift";
            TVOS_DEPLOYMENT_TARGET = "9.0";
            WATCHOS_DEPLOYMENT_TARGET = "4.0";
         };
         name = "Debug";
      };
      "OBJ_165" = {
         isa = "XCBuildConfiguration";
         buildSettings = {
            ENABLE_TESTABILITY = "YES";
            FRAMEWORK_SEARCH_PATHS = (
               "$(inherited)",
               "$(PLATFORM_DIR)/Developer/Library/Frameworks"
            );
            HEADER_SEARCH_PATHS = (
               "$(inherited)"
            );
            INFOPLIST_FILE = "OpenCastSwift.xcodeproj/OpenCastSwift_Info.plist";
            IPHONEOS_DEPLOYMENT_TARGET = "11.0";
            LD_RUNPATH_SEARCH_PATHS = (
               "$(inherited)",
               "$(TOOLCHAIN_DIR)/usr/lib/swift/macosx"
            );
            MACOSX_DEPLOYMENT_TARGET = "10.11";
            OTHER_CFLAGS = (
               "$(inherited)"
            );
            OTHER_LDFLAGS = (
               "$(inherited)"
            );
            OTHER_SWIFT_FLAGS = (
               "$(inherited)"
            );
            PRODUCT_BUNDLE_IDENTIFIER = "OpenCastSwift";
            PRODUCT_MODULE_NAME = "$(TARGET_NAME:c99extidentifier)";
            PRODUCT_NAME = "$(TARGET_NAME:c99extidentifier)";
            SKIP_INSTALL = "YES";
            SWIFT_ACTIVE_COMPILATION_CONDITIONS = (
               "$(inherited)"
            );
            SWIFT_VERSION = "5.0";
            TARGET_NAME = "OpenCastSwift";
            TVOS_DEPLOYMENT_TARGET = "9.0";
            WATCHOS_DEPLOYMENT_TARGET = "4.0";
         };
         name = "Release";
      };
      "OBJ_166" = {
         isa = "PBXSourcesBuildPhase";
         files = (
            "OBJ_167",
            "OBJ_168",
            "OBJ_169",
            "OBJ_170",
            "OBJ_171",
            "OBJ_172",
            "OBJ_173",
            "OBJ_174",
            "OBJ_175",
            "OBJ_176",
            "OBJ_177",
            "OBJ_178",
            "OBJ_179",
            "OBJ_180",
            "OBJ_181",
            "OBJ_182",
            "OBJ_183",
            "OBJ_184",
            "OBJ_185",
            "OBJ_186",
            "OBJ_187",
            "OBJ_188",
            "OBJ_189",
            "OBJ_190",
            "OBJ_191"
         );
      };
      "OBJ_167" = {
         isa = "PBXBuildFile";
         fileRef = "OBJ_9";
      };
      "OBJ_168" = {
         isa = "PBXBuildFile";
         fileRef = "OBJ_11";
      };
      "OBJ_169" = {
         isa = "PBXBuildFile";
         fileRef = "OBJ_13";
      };
      "OBJ_17" = {
         isa = "PBXFileReference";
         path = "CastDevice.swift";
         sourceTree = "<group>";
      };
      "OBJ_170" = {
         isa = "PBXBuildFile";
         fileRef = "OBJ_15";
      };
      "OBJ_171" = {
         isa = "PBXBuildFile";
         fileRef = "OBJ_16";
      };
      "OBJ_172" = {
         isa = "PBXBuildFile";
         fileRef = "OBJ_17";
      };
      "OBJ_173" = {
         isa = "PBXBuildFile";
         fileRef = "OBJ_18";
      };
      "OBJ_174" = {
         isa = "PBXBuildFile";
         fileRef = "OBJ_19";
      };
      "OBJ_175" = {
         isa = "PBXBuildFile";
         fileRef = "OBJ_20";
      };
      "OBJ_176" = {
         isa = "PBXBuildFile";
         fileRef = "OBJ_21";
      };
      "OBJ_177" = {
         isa = "PBXBuildFile";
         fileRef = "OBJ_22";
      };
      "OBJ_178" = {
         isa = "PBXBuildFile";
         fileRef = "OBJ_23";
      };
      "OBJ_179" = {
         isa = "PBXBuildFile";
         fileRef = "OBJ_25";
      };
      "OBJ_18" = {
         isa = "PBXFileReference";
         path = "CastMedia.swift";
         sourceTree = "<group>";
      };
      "OBJ_180" = {
         isa = "PBXBuildFile";
         fileRef = "OBJ_26";
      };
      "OBJ_181" = {
         isa = "PBXBuildFile";
         fileRef = "OBJ_28";
      };
      "OBJ_182" = {
         isa = "PBXBuildFile";
         fileRef = "OBJ_29";
      };
      "OBJ_183" = {
         isa = "PBXBuildFile";
         fileRef = "OBJ_30";
      };
      "OBJ_184" = {
         isa = "PBXBuildFile";
         fileRef = "OBJ_31";
      };
      "OBJ_185" = {
         isa = "PBXBuildFile";
         fileRef = "OBJ_32";
      };
      "OBJ_186" = {
         isa = "PBXBuildFile";
         fileRef = "OBJ_33";
      };
      "OBJ_187" = {
         isa = "PBXBuildFile";
         fileRef = "OBJ_34";
      };
      "OBJ_188" = {
         isa = "PBXBuildFile";
         fileRef = "OBJ_35";
      };
      "OBJ_189" = {
         isa = "PBXBuildFile";
         fileRef = "OBJ_36";
      };
      "OBJ_19" = {
         isa = "PBXFileReference";
         path = "CastMediaStatus.swift";
         sourceTree = "<group>";
      };
      "OBJ_190" = {
         isa = "PBXBuildFile";
         fileRef = "OBJ_37";
      };
      "OBJ_191" = {
         isa = "PBXBuildFile";
         fileRef = "OBJ_38";
      };
      "OBJ_192" = {
         isa = "PBXFrameworksBuildPhase";
         files = (
            "OBJ_193",
            "OBJ_194",
            "OBJ_195"
         );
      };
      "OBJ_193" = {
         isa = "PBXBuildFile";
         fileRef = "SwiftyJSON::SwiftyJSON::Product";
      };
      "OBJ_194" = {
         isa = "PBXBuildFile";
         fileRef = "SwiftProtobuf::SwiftProtobufPluginLibrary::Product";
      };
      "OBJ_195" = {
         isa = "PBXBuildFile";
         fileRef = "SwiftProtobuf::SwiftProtobuf::Product";
      };
      "OBJ_196" = {
         isa = "PBXTargetDependency";
         target = "SwiftyJSON::SwiftyJSON";
      };
      "OBJ_198" = {
         isa = "PBXTargetDependency";
         target = "SwiftProtobuf::SwiftProtobufPluginLibrary";
      };
      "OBJ_2" = {
         isa = "XCConfigurationList";
         buildConfigurations = (
            "OBJ_3",
            "OBJ_4"
         );
         defaultConfigurationIsVisible = "0";
         defaultConfigurationName = "Release";
      };
      "OBJ_20" = {
         isa = "PBXFileReference";
         path = "CastMessage.swift";
         sourceTree = "<group>";
      };
      "OBJ_200" = {
         isa = "PBXTargetDependency";
         target = "SwiftProtobuf::SwiftProtobuf";
      };
      "OBJ_203" = {
         isa = "XCConfigurationList";
         buildConfigurations = (
            "OBJ_204",
            "OBJ_205"
         );
         defaultConfigurationIsVisible = "0";
         defaultConfigurationName = "Release";
      };
      "OBJ_204" = {
         isa = "XCBuildConfiguration";
         buildSettings = {
            LD = "/usr/bin/true";
            OTHER_SWIFT_FLAGS = (
               "-swift-version",
               "5",
               "-I",
               "$(TOOLCHAIN_DIR)/usr/lib/swift/pm/4_2",
               "-target",
               "x86_64-apple-macosx10.10",
               "-sdk",
               "/Applications/Xcode.app/Contents/Developer/Platforms/MacOSX.platform/Developer/SDKs/MacOSX10.15.sdk",
               "-package-description-version",
               "5.2.0"
            );
            SWIFT_VERSION = "5.0";
         };
         name = "Debug";
      };
      "OBJ_205" = {
         isa = "XCBuildConfiguration";
         buildSettings = {
            LD = "/usr/bin/true";
            OTHER_SWIFT_FLAGS = (
               "-swift-version",
               "5",
               "-I",
               "$(TOOLCHAIN_DIR)/usr/lib/swift/pm/4_2",
               "-target",
               "x86_64-apple-macosx10.10",
               "-sdk",
               "/Applications/Xcode.app/Contents/Developer/Platforms/MacOSX.platform/Developer/SDKs/MacOSX10.15.sdk",
               "-package-description-version",
               "5.2.0"
            );
            SWIFT_VERSION = "5.0";
         };
         name = "Release";
      };
      "OBJ_206" = {
         isa = "PBXSourcesBuildPhase";
         files = (
            "OBJ_207"
         );
      };
      "OBJ_207" = {
         isa = "PBXBuildFile";
         fileRef = "OBJ_6";
      };
      "OBJ_208" = {
         isa = "XCConfigurationList";
         buildConfigurations = (
            "OBJ_209",
            "OBJ_210"
         );
         defaultConfigurationIsVisible = "0";
         defaultConfigurationName = "Release";
      };
      "OBJ_209" = {
         isa = "XCBuildConfiguration";
         buildSettings = {
            ENABLE_TESTABILITY = "YES";
            FRAMEWORK_SEARCH_PATHS = (
               "$(inherited)",
               "$(PLATFORM_DIR)/Developer/Library/Frameworks"
            );
            HEADER_SEARCH_PATHS = (
               "$(inherited)"
            );
            INFOPLIST_FILE = "OpenCastSwift.xcodeproj/SwiftProtobuf_Info.plist";
            LD_RUNPATH_SEARCH_PATHS = (
               "$(inherited)",
               "$(TOOLCHAIN_DIR)/usr/lib/swift/macosx"
            );
            OTHER_CFLAGS = (
               "$(inherited)"
            );
            OTHER_LDFLAGS = (
               "$(inherited)"
            );
            OTHER_SWIFT_FLAGS = (
               "$(inherited)"
            );
            PRODUCT_BUNDLE_IDENTIFIER = "SwiftProtobuf";
            PRODUCT_MODULE_NAME = "$(TARGET_NAME:c99extidentifier)";
            PRODUCT_NAME = "$(TARGET_NAME:c99extidentifier)";
            SKIP_INSTALL = "YES";
            SWIFT_ACTIVE_COMPILATION_CONDITIONS = (
               "$(inherited)"
            );
            SWIFT_VERSION = "5.0";
            TARGET_NAME = "SwiftProtobuf";
         };
         name = "Debug";
      };
      "OBJ_21" = {
         isa = "PBXFileReference";
         path = "CastMultizoneDevice.swift";
         sourceTree = "<group>";
      };
      "OBJ_210" = {
         isa = "XCBuildConfiguration";
         buildSettings = {
            ENABLE_TESTABILITY = "YES";
            FRAMEWORK_SEARCH_PATHS = (
               "$(inherited)",
               "$(PLATFORM_DIR)/Developer/Library/Frameworks"
            );
            HEADER_SEARCH_PATHS = (
               "$(inherited)"
            );
            INFOPLIST_FILE = "OpenCastSwift.xcodeproj/SwiftProtobuf_Info.plist";
            LD_RUNPATH_SEARCH_PATHS = (
               "$(inherited)",
               "$(TOOLCHAIN_DIR)/usr/lib/swift/macosx"
            );
            OTHER_CFLAGS = (
               "$(inherited)"
            );
            OTHER_LDFLAGS = (
               "$(inherited)"
            );
            OTHER_SWIFT_FLAGS = (
               "$(inherited)"
            );
            PRODUCT_BUNDLE_IDENTIFIER = "SwiftProtobuf";
            PRODUCT_MODULE_NAME = "$(TARGET_NAME:c99extidentifier)";
            PRODUCT_NAME = "$(TARGET_NAME:c99extidentifier)";
            SKIP_INSTALL = "YES";
            SWIFT_ACTIVE_COMPILATION_CONDITIONS = (
               "$(inherited)"
            );
            SWIFT_VERSION = "5.0";
            TARGET_NAME = "SwiftProtobuf";
         };
         name = "Release";
      };
      "OBJ_211" = {
         isa = "PBXSourcesBuildPhase";
         files = (
            "OBJ_212",
            "OBJ_213",
            "OBJ_214",
            "OBJ_215",
            "OBJ_216",
            "OBJ_217",
            "OBJ_218",
            "OBJ_219",
            "OBJ_220",
            "OBJ_221",
            "OBJ_222",
            "OBJ_223",
            "OBJ_224",
            "OBJ_225",
            "OBJ_226",
            "OBJ_227",
            "OBJ_228",
            "OBJ_229",
            "OBJ_230",
            "OBJ_231",
            "OBJ_232",
            "OBJ_233",
            "OBJ_234",
            "OBJ_235",
            "OBJ_236",
            "OBJ_237",
            "OBJ_238",
            "OBJ_239",
            "OBJ_240",
            "OBJ_241",
            "OBJ_242",
            "OBJ_243",
            "OBJ_244",
            "OBJ_245",
            "OBJ_246",
            "OBJ_247",
            "OBJ_248",
            "OBJ_249",
            "OBJ_250",
            "OBJ_251",
            "OBJ_252",
            "OBJ_253",
            "OBJ_254",
            "OBJ_255",
            "OBJ_256",
            "OBJ_257",
            "OBJ_258",
            "OBJ_259",
            "OBJ_260",
            "OBJ_261",
            "OBJ_262",
            "OBJ_263",
            "OBJ_264",
            "OBJ_265",
            "OBJ_266",
            "OBJ_267",
            "OBJ_268",
            "OBJ_269",
            "OBJ_270",
            "OBJ_271",
            "OBJ_272",
            "OBJ_273",
            "OBJ_274",
            "OBJ_275",
            "OBJ_276",
            "OBJ_277",
            "OBJ_278",
            "OBJ_279",
            "OBJ_280",
            "OBJ_281",
            "OBJ_282",
            "OBJ_283",
            "OBJ_284",
            "OBJ_285",
            "OBJ_286",
            "OBJ_287",
            "OBJ_288",
            "OBJ_289",
            "OBJ_290",
            "OBJ_291",
            "OBJ_292",
            "OBJ_293"
         );
      };
      "OBJ_212" = {
         isa = "PBXBuildFile";
         fileRef = "OBJ_47";
      };
      "OBJ_213" = {
         isa = "PBXBuildFile";
         fileRef = "OBJ_48";
      };
      "OBJ_214" = {
         isa = "PBXBuildFile";
         fileRef = "OBJ_49";
      };
      "OBJ_215" = {
         isa = "PBXBuildFile";
         fileRef = "OBJ_50";
      };
      "OBJ_216" = {
         isa = "PBXBuildFile";
         fileRef = "OBJ_51";
      };
      "OBJ_217" = {
         isa = "PBXBuildFile";
         fileRef = "OBJ_52";
      };
      "OBJ_218" = {
         isa = "PBXBuildFile";
         fileRef = "OBJ_53";
      };
      "OBJ_219" = {
         isa = "PBXBuildFile";
         fileRef = "OBJ_54";
      };
      "OBJ_22" = {
         isa = "PBXFileReference";
         path = "CastMultizoneStatus.swift";
         sourceTree = "<group>";
      };
      "OBJ_220" = {
         isa = "PBXBuildFile";
         fileRef = "OBJ_55";
      };
      "OBJ_221" = {
         isa = "PBXBuildFile";
         fileRef = "OBJ_56";
      };
      "OBJ_222" = {
         isa = "PBXBuildFile";
         fileRef = "OBJ_57";
      };
      "OBJ_223" = {
         isa = "PBXBuildFile";
         fileRef = "OBJ_58";
      };
      "OBJ_224" = {
         isa = "PBXBuildFile";
         fileRef = "OBJ_59";
      };
      "OBJ_225" = {
         isa = "PBXBuildFile";
         fileRef = "OBJ_60";
      };
      "OBJ_226" = {
         isa = "PBXBuildFile";
         fileRef = "OBJ_61";
      };
      "OBJ_227" = {
         isa = "PBXBuildFile";
         fileRef = "OBJ_62";
      };
      "OBJ_228" = {
         isa = "PBXBuildFile";
         fileRef = "OBJ_63";
      };
      "OBJ_229" = {
         isa = "PBXBuildFile";
         fileRef = "OBJ_64";
      };
      "OBJ_23" = {
         isa = "PBXFileReference";
         path = "CastStatus.swift";
         sourceTree = "<group>";
      };
      "OBJ_230" = {
         isa = "PBXBuildFile";
         fileRef = "OBJ_65";
      };
      "OBJ_231" = {
         isa = "PBXBuildFile";
         fileRef = "OBJ_66";
      };
      "OBJ_232" = {
         isa = "PBXBuildFile";
         fileRef = "OBJ_67";
      };
      "OBJ_233" = {
         isa = "PBXBuildFile";
         fileRef = "OBJ_68";
      };
      "OBJ_234" = {
         isa = "PBXBuildFile";
         fileRef = "OBJ_69";
      };
      "OBJ_235" = {
         isa = "PBXBuildFile";
         fileRef = "OBJ_70";
      };
      "OBJ_236" = {
         isa = "PBXBuildFile";
         fileRef = "OBJ_71";
      };
      "OBJ_237" = {
         isa = "PBXBuildFile";
         fileRef = "OBJ_72";
      };
      "OBJ_238" = {
         isa = "PBXBuildFile";
         fileRef = "OBJ_73";
      };
      "OBJ_239" = {
         isa = "PBXBuildFile";
         fileRef = "OBJ_74";
      };
      "OBJ_24" = {
         isa = "PBXGroup";
         children = (
            "OBJ_25",
            "OBJ_26",
            "OBJ_27"
         );
         name = "Networking";
         path = "Networking";
         sourceTree = "<group>";
      };
      "OBJ_240" = {
         isa = "PBXBuildFile";
         fileRef = "OBJ_75";
      };
      "OBJ_241" = {
         isa = "PBXBuildFile";
         fileRef = "OBJ_76";
      };
      "OBJ_242" = {
         isa = "PBXBuildFile";
         fileRef = "OBJ_77";
      };
      "OBJ_243" = {
         isa = "PBXBuildFile";
         fileRef = "OBJ_78";
      };
      "OBJ_244" = {
         isa = "PBXBuildFile";
         fileRef = "OBJ_79";
      };
      "OBJ_245" = {
         isa = "PBXBuildFile";
         fileRef = "OBJ_80";
      };
      "OBJ_246" = {
         isa = "PBXBuildFile";
         fileRef = "OBJ_81";
      };
      "OBJ_247" = {
         isa = "PBXBuildFile";
         fileRef = "OBJ_82";
      };
      "OBJ_248" = {
         isa = "PBXBuildFile";
         fileRef = "OBJ_83";
      };
      "OBJ_249" = {
         isa = "PBXBuildFile";
         fileRef = "OBJ_84";
      };
      "OBJ_25" = {
         isa = "PBXFileReference";
         path = "CastClient.swift";
         sourceTree = "<group>";
      };
      "OBJ_250" = {
         isa = "PBXBuildFile";
         fileRef = "OBJ_85";
      };
      "OBJ_251" = {
         isa = "PBXBuildFile";
         fileRef = "OBJ_86";
      };
      "OBJ_252" = {
         isa = "PBXBuildFile";
         fileRef = "OBJ_87";
      };
      "OBJ_253" = {
         isa = "PBXBuildFile";
         fileRef = "OBJ_88";
      };
      "OBJ_254" = {
         isa = "PBXBuildFile";
         fileRef = "OBJ_89";
      };
      "OBJ_255" = {
         isa = "PBXBuildFile";
         fileRef = "OBJ_90";
      };
      "OBJ_256" = {
         isa = "PBXBuildFile";
         fileRef = "OBJ_91";
      };
      "OBJ_257" = {
         isa = "PBXBuildFile";
         fileRef = "OBJ_92";
      };
      "OBJ_258" = {
         isa = "PBXBuildFile";
         fileRef = "OBJ_93";
      };
      "OBJ_259" = {
         isa = "PBXBuildFile";
         fileRef = "OBJ_94";
      };
      "OBJ_26" = {
         isa = "PBXFileReference";
         path = "CastDeviceScanner.swift";
         sourceTree = "<group>";
      };
      "OBJ_260" = {
         isa = "PBXBuildFile";
         fileRef = "OBJ_95";
      };
      "OBJ_261" = {
         isa = "PBXBuildFile";
         fileRef = "OBJ_96";
      };
      "OBJ_262" = {
         isa = "PBXBuildFile";
         fileRef = "OBJ_97";
      };
      "OBJ_263" = {
         isa = "PBXBuildFile";
         fileRef = "OBJ_98";
      };
      "OBJ_264" = {
         isa = "PBXBuildFile";
         fileRef = "OBJ_99";
      };
      "OBJ_265" = {
         isa = "PBXBuildFile";
         fileRef = "OBJ_100";
      };
      "OBJ_266" = {
         isa = "PBXBuildFile";
         fileRef = "OBJ_101";
      };
      "OBJ_267" = {
         isa = "PBXBuildFile";
         fileRef = "OBJ_102";
      };
      "OBJ_268" = {
         isa = "PBXBuildFile";
         fileRef = "OBJ_103";
      };
      "OBJ_269" = {
         isa = "PBXBuildFile";
         fileRef = "OBJ_104";
      };
      "OBJ_27" = {
         isa = "PBXGroup";
         children = (
            "OBJ_28",
            "OBJ_29",
            "OBJ_30",
            "OBJ_31",
            "OBJ_32",
            "OBJ_33",
            "OBJ_34",
            "OBJ_35",
            "OBJ_36",
            "OBJ_37",
            "OBJ_38"
         );
         name = "Channels";
         path = "Channels";
         sourceTree = "<group>";
      };
      "OBJ_270" = {
         isa = "PBXBuildFile";
         fileRef = "OBJ_105";
      };
      "OBJ_271" = {
         isa = "PBXBuildFile";
         fileRef = "OBJ_106";
      };
      "OBJ_272" = {
         isa = "PBXBuildFile";
         fileRef = "OBJ_107";
      };
      "OBJ_273" = {
         isa = "PBXBuildFile";
         fileRef = "OBJ_108";
      };
      "OBJ_274" = {
         isa = "PBXBuildFile";
         fileRef = "OBJ_109";
      };
      "OBJ_275" = {
         isa = "PBXBuildFile";
         fileRef = "OBJ_110";
      };
      "OBJ_276" = {
         isa = "PBXBuildFile";
         fileRef = "OBJ_111";
      };
      "OBJ_277" = {
         isa = "PBXBuildFile";
         fileRef = "OBJ_112";
      };
      "OBJ_278" = {
         isa = "PBXBuildFile";
         fileRef = "OBJ_113";
      };
      "OBJ_279" = {
         isa = "PBXBuildFile";
         fileRef = "OBJ_114";
      };
      "OBJ_28" = {
         isa = "PBXFileReference";
         path = "CastChannel.swift";
         sourceTree = "<group>";
      };
      "OBJ_280" = {
         isa = "PBXBuildFile";
         fileRef = "OBJ_115";
      };
      "OBJ_281" = {
         isa = "PBXBuildFile";
         fileRef = "OBJ_116";
      };
      "OBJ_282" = {
         isa = "PBXBuildFile";
         fileRef = "OBJ_117";
      };
      "OBJ_283" = {
         isa = "PBXBuildFile";
         fileRef = "OBJ_118";
      };
      "OBJ_284" = {
         isa = "PBXBuildFile";
         fileRef = "OBJ_119";
      };
      "OBJ_285" = {
         isa = "PBXBuildFile";
         fileRef = "OBJ_120";
      };
      "OBJ_286" = {
         isa = "PBXBuildFile";
         fileRef = "OBJ_121";
      };
      "OBJ_287" = {
         isa = "PBXBuildFile";
         fileRef = "OBJ_122";
      };
      "OBJ_288" = {
         isa = "PBXBuildFile";
         fileRef = "OBJ_123";
      };
      "OBJ_289" = {
         isa = "PBXBuildFile";
         fileRef = "OBJ_124";
      };
      "OBJ_29" = {
         isa = "PBXFileReference";
         path = "Channelable.swift";
         sourceTree = "<group>";
      };
      "OBJ_290" = {
         isa = "PBXBuildFile";
         fileRef = "OBJ_125";
      };
      "OBJ_291" = {
         isa = "PBXBuildFile";
         fileRef = "OBJ_126";
      };
      "OBJ_292" = {
         isa = "PBXBuildFile";
         fileRef = "OBJ_127";
      };
      "OBJ_293" = {
         isa = "PBXBuildFile";
         fileRef = "OBJ_128";
      };
      "OBJ_294" = {
         isa = "PBXFrameworksBuildPhase";
         files = (
         );
      };
      "OBJ_296" = {
         isa = "XCConfigurationList";
         buildConfigurations = (
            "OBJ_297",
            "OBJ_298"
         );
         defaultConfigurationIsVisible = "0";
         defaultConfigurationName = "Release";
      };
      "OBJ_297" = {
         isa = "XCBuildConfiguration";
         buildSettings = {
            LD = "/usr/bin/true";
            OTHER_SWIFT_FLAGS = (
               "-swift-version",
               "4.2",
               "-I",
               "$(TOOLCHAIN_DIR)/usr/lib/swift/pm/4_2",
               "-target",
               "x86_64-apple-macosx10.10",
               "-sdk",
               "/Applications/Xcode.app/Contents/Developer/Platforms/MacOSX.platform/Developer/SDKs/MacOSX10.15.sdk",
               "-package-description-version",
               "4.2.0"
            );
            SWIFT_VERSION = "4.2";
         };
         name = "Debug";
      };
      "OBJ_298" = {
         isa = "XCBuildConfiguration";
         buildSettings = {
            LD = "/usr/bin/true";
            OTHER_SWIFT_FLAGS = (
               "-swift-version",
               "4.2",
               "-I",
               "$(TOOLCHAIN_DIR)/usr/lib/swift/pm/4_2",
               "-target",
               "x86_64-apple-macosx10.10",
               "-sdk",
               "/Applications/Xcode.app/Contents/Developer/Platforms/MacOSX.platform/Developer/SDKs/MacOSX10.15.sdk",
               "-package-description-version",
               "4.2.0"
            );
            SWIFT_VERSION = "4.2";
         };
         name = "Release";
      };
      "OBJ_299" = {
         isa = "PBXSourcesBuildPhase";
         files = (
            "OBJ_300"
         );
      };
      "OBJ_3" = {
         isa = "XCBuildConfiguration";
         buildSettings = {
            CLANG_ENABLE_OBJC_ARC = "YES";
            COMBINE_HIDPI_IMAGES = "YES";
            COPY_PHASE_STRIP = "NO";
            DEBUG_INFORMATION_FORMAT = "dwarf";
            DYLIB_INSTALL_NAME_BASE = "@rpath";
            ENABLE_NS_ASSERTIONS = "YES";
            GCC_OPTIMIZATION_LEVEL = "0";
            GCC_PREPROCESSOR_DEFINITIONS = (
               "$(inherited)",
               "SWIFT_PACKAGE=1",
               "DEBUG=1"
            );
            MACOSX_DEPLOYMENT_TARGET = "10.10";
            ONLY_ACTIVE_ARCH = "YES";
            OTHER_SWIFT_FLAGS = (
               "$(inherited)",
               "-DXcode"
            );
            PRODUCT_NAME = "$(TARGET_NAME)";
            SDKROOT = "macosx";
            SUPPORTED_PLATFORMS = (
               "macosx",
               "iphoneos",
               "iphonesimulator",
               "appletvos",
               "appletvsimulator",
               "watchos",
               "watchsimulator"
            );
            SWIFT_ACTIVE_COMPILATION_CONDITIONS = (
               "$(inherited)",
               "SWIFT_PACKAGE",
               "DEBUG"
            );
            SWIFT_OPTIMIZATION_LEVEL = "-Onone";
            USE_HEADERMAP = "NO";
         };
         name = "Debug";
      };
      "OBJ_30" = {
         isa = "PBXFileReference";
         path = "DeviceAuthChannel.swift";
         sourceTree = "<group>";
      };
      "OBJ_300" = {
         isa = "PBXBuildFile";
         fileRef = "OBJ_148";
      };
      "OBJ_301" = {
         isa = "XCConfigurationList";
         buildConfigurations = (
            "OBJ_302",
            "OBJ_303"
         );
         defaultConfigurationIsVisible = "0";
         defaultConfigurationName = "Release";
      };
      "OBJ_302" = {
         isa = "XCBuildConfiguration";
         buildSettings = {
            ENABLE_TESTABILITY = "YES";
            FRAMEWORK_SEARCH_PATHS = (
               "$(inherited)",
               "$(PLATFORM_DIR)/Developer/Library/Frameworks"
            );
            HEADER_SEARCH_PATHS = (
               "$(inherited)"
            );
            INFOPLIST_FILE = "OpenCastSwift.xcodeproj/SwiftProtobufPluginLibrary_Info.plist";
            LD_RUNPATH_SEARCH_PATHS = (
               "$(inherited)",
               "$(TOOLCHAIN_DIR)/usr/lib/swift/macosx"
            );
            OTHER_CFLAGS = (
               "$(inherited)"
            );
            OTHER_LDFLAGS = (
               "$(inherited)"
            );
            OTHER_SWIFT_FLAGS = (
               "$(inherited)"
            );
            PRODUCT_BUNDLE_IDENTIFIER = "SwiftProtobufPluginLibrary";
            PRODUCT_MODULE_NAME = "$(TARGET_NAME:c99extidentifier)";
            PRODUCT_NAME = "$(TARGET_NAME:c99extidentifier)";
            SKIP_INSTALL = "YES";
            SWIFT_ACTIVE_COMPILATION_CONDITIONS = (
               "$(inherited)"
            );
            SWIFT_VERSION = "5.0";
            TARGET_NAME = "SwiftProtobufPluginLibrary";
         };
         name = "Debug";
      };
      "OBJ_303" = {
         isa = "XCBuildConfiguration";
         buildSettings = {
            ENABLE_TESTABILITY = "YES";
            FRAMEWORK_SEARCH_PATHS = (
               "$(inherited)",
               "$(PLATFORM_DIR)/Developer/Library/Frameworks"
            );
            HEADER_SEARCH_PATHS = (
               "$(inherited)"
            );
            INFOPLIST_FILE = "OpenCastSwift.xcodeproj/SwiftProtobufPluginLibrary_Info.plist";
            LD_RUNPATH_SEARCH_PATHS = (
               "$(inherited)",
               "$(TOOLCHAIN_DIR)/usr/lib/swift/macosx"
            );
            OTHER_CFLAGS = (
               "$(inherited)"
            );
            OTHER_LDFLAGS = (
               "$(inherited)"
            );
            OTHER_SWIFT_FLAGS = (
               "$(inherited)"
            );
            PRODUCT_BUNDLE_IDENTIFIER = "SwiftProtobufPluginLibrary";
            PRODUCT_MODULE_NAME = "$(TARGET_NAME:c99extidentifier)";
            PRODUCT_NAME = "$(TARGET_NAME:c99extidentifier)";
            SKIP_INSTALL = "YES";
            SWIFT_ACTIVE_COMPILATION_CONDITIONS = (
               "$(inherited)"
            );
            SWIFT_VERSION = "5.0";
            TARGET_NAME = "SwiftProtobufPluginLibrary";
         };
         name = "Release";
      };
      "OBJ_304" = {
         isa = "PBXSourcesBuildPhase";
         files = (
            "OBJ_305",
            "OBJ_306",
            "OBJ_307",
            "OBJ_308",
            "OBJ_309",
            "OBJ_310",
            "OBJ_311",
            "OBJ_312",
            "OBJ_313",
            "OBJ_314",
            "OBJ_315",
            "OBJ_316",
            "OBJ_317",
            "OBJ_318",
            "OBJ_319",
            "OBJ_320",
            "OBJ_321"
         );
      };
      "OBJ_305" = {
         isa = "PBXBuildFile";
         fileRef = "OBJ_130";
      };
      "OBJ_306" = {
         isa = "PBXBuildFile";
         fileRef = "OBJ_131";
      };
      "OBJ_307" = {
         isa = "PBXBuildFile";
         fileRef = "OBJ_132";
      };
      "OBJ_308" = {
         isa = "PBXBuildFile";
         fileRef = "OBJ_133";
      };
      "OBJ_309" = {
         isa = "PBXBuildFile";
         fileRef = "OBJ_134";
      };
      "OBJ_31" = {
         isa = "PBXFileReference";
         path = "DeviceConnectionChannel.swift";
         sourceTree = "<group>";
      };
      "OBJ_310" = {
         isa = "PBXBuildFile";
         fileRef = "OBJ_135";
      };
      "OBJ_311" = {
         isa = "PBXBuildFile";
         fileRef = "OBJ_136";
      };
      "OBJ_312" = {
         isa = "PBXBuildFile";
         fileRef = "OBJ_137";
      };
      "OBJ_313" = {
         isa = "PBXBuildFile";
         fileRef = "OBJ_138";
      };
      "OBJ_314" = {
         isa = "PBXBuildFile";
         fileRef = "OBJ_139";
      };
      "OBJ_315" = {
         isa = "PBXBuildFile";
         fileRef = "OBJ_140";
      };
      "OBJ_316" = {
         isa = "PBXBuildFile";
         fileRef = "OBJ_141";
      };
      "OBJ_317" = {
         isa = "PBXBuildFile";
         fileRef = "OBJ_142";
      };
      "OBJ_318" = {
         isa = "PBXBuildFile";
         fileRef = "OBJ_143";
      };
      "OBJ_319" = {
         isa = "PBXBuildFile";
         fileRef = "OBJ_144";
      };
      "OBJ_32" = {
         isa = "PBXFileReference";
         path = "DeviceDiscoveryChannel.swift";
         sourceTree = "<group>";
      };
      "OBJ_320" = {
         isa = "PBXBuildFile";
         fileRef = "OBJ_145";
      };
      "OBJ_321" = {
         isa = "PBXBuildFile";
         fileRef = "OBJ_146";
      };
      "OBJ_322" = {
         isa = "PBXFrameworksBuildPhase";
         files = (
            "OBJ_323"
         );
      };
      "OBJ_323" = {
         isa = "PBXBuildFile";
         fileRef = "SwiftProtobuf::SwiftProtobuf::Product";
      };
      "OBJ_324" = {
         isa = "PBXTargetDependency";
         target = "SwiftProtobuf::SwiftProtobuf";
      };
      "OBJ_325" = {
         isa = "XCConfigurationList";
         buildConfigurations = (
            "OBJ_326",
            "OBJ_327"
         );
         defaultConfigurationIsVisible = "0";
         defaultConfigurationName = "Release";
      };
      "OBJ_326" = {
         isa = "XCBuildConfiguration";
         buildSettings = {
            ENABLE_TESTABILITY = "YES";
            FRAMEWORK_SEARCH_PATHS = (
               "$(inherited)",
               "$(PLATFORM_DIR)/Developer/Library/Frameworks"
            );
            HEADER_SEARCH_PATHS = (
               "$(inherited)"
            );
            INFOPLIST_FILE = "OpenCastSwift.xcodeproj/SwiftyJSON_Info.plist";
            IPHONEOS_DEPLOYMENT_TARGET = "8.0";
            LD_RUNPATH_SEARCH_PATHS = (
               "$(inherited)",
               "$(TOOLCHAIN_DIR)/usr/lib/swift/macosx"
            );
            MACOSX_DEPLOYMENT_TARGET = "10.10";
            OTHER_CFLAGS = (
               "$(inherited)"
            );
            OTHER_LDFLAGS = (
               "$(inherited)"
            );
            OTHER_SWIFT_FLAGS = (
               "$(inherited)"
            );
            PRODUCT_BUNDLE_IDENTIFIER = "SwiftyJSON";
            PRODUCT_MODULE_NAME = "$(TARGET_NAME:c99extidentifier)";
            PRODUCT_NAME = "$(TARGET_NAME:c99extidentifier)";
            SKIP_INSTALL = "YES";
            SWIFT_ACTIVE_COMPILATION_CONDITIONS = (
               "$(inherited)"
            );
            SWIFT_VERSION = "5.0";
            TARGET_NAME = "SwiftyJSON";
            TVOS_DEPLOYMENT_TARGET = "9.0";
            WATCHOS_DEPLOYMENT_TARGET = "3.0";
         };
         name = "Debug";
      };
      "OBJ_327" = {
         isa = "XCBuildConfiguration";
         buildSettings = {
            ENABLE_TESTABILITY = "YES";
            FRAMEWORK_SEARCH_PATHS = (
               "$(inherited)",
               "$(PLATFORM_DIR)/Developer/Library/Frameworks"
            );
            HEADER_SEARCH_PATHS = (
               "$(inherited)"
            );
            INFOPLIST_FILE = "OpenCastSwift.xcodeproj/SwiftyJSON_Info.plist";
            IPHONEOS_DEPLOYMENT_TARGET = "8.0";
            LD_RUNPATH_SEARCH_PATHS = (
               "$(inherited)",
               "$(TOOLCHAIN_DIR)/usr/lib/swift/macosx"
            );
            MACOSX_DEPLOYMENT_TARGET = "10.10";
            OTHER_CFLAGS = (
               "$(inherited)"
            );
            OTHER_LDFLAGS = (
               "$(inherited)"
            );
            OTHER_SWIFT_FLAGS = (
               "$(inherited)"
            );
            PRODUCT_BUNDLE_IDENTIFIER = "SwiftyJSON";
            PRODUCT_MODULE_NAME = "$(TARGET_NAME:c99extidentifier)";
            PRODUCT_NAME = "$(TARGET_NAME:c99extidentifier)";
            SKIP_INSTALL = "YES";
            SWIFT_ACTIVE_COMPILATION_CONDITIONS = (
               "$(inherited)"
            );
            SWIFT_VERSION = "5.0";
            TARGET_NAME = "SwiftyJSON";
            TVOS_DEPLOYMENT_TARGET = "9.0";
            WATCHOS_DEPLOYMENT_TARGET = "3.0";
         };
         name = "Release";
      };
      "OBJ_328" = {
         isa = "PBXSourcesBuildPhase";
         files = (
            "OBJ_329"
         );
      };
      "OBJ_329" = {
         isa = "PBXBuildFile";
         fileRef = "OBJ_43";
      };
      "OBJ_33" = {
         isa = "PBXFileReference";
         path = "DeviceSetupChannel.swift";
         sourceTree = "<group>";
      };
      "OBJ_330" = {
         isa = "PBXFrameworksBuildPhase";
         files = (
         );
      };
      "OBJ_332" = {
         isa = "XCConfigurationList";
         buildConfigurations = (
            "OBJ_333",
            "OBJ_334"
         );
         defaultConfigurationIsVisible = "0";
         defaultConfigurationName = "Release";
      };
      "OBJ_333" = {
         isa = "XCBuildConfiguration";
         buildSettings = {
            LD = "/usr/bin/true";
            OTHER_SWIFT_FLAGS = (
               "-swift-version",
               "5",
               "-I",
               "$(TOOLCHAIN_DIR)/usr/lib/swift/pm/4_2",
               "-target",
               "x86_64-apple-macosx10.10",
               "-sdk",
               "/Applications/Xcode.app/Contents/Developer/Platforms/MacOSX.platform/Developer/SDKs/MacOSX10.15.sdk",
               "-package-description-version",
               "5.0.0"
            );
            SWIFT_VERSION = "5.0";
         };
         name = "Debug";
      };
      "OBJ_334" = {
         isa = "XCBuildConfiguration";
         buildSettings = {
            LD = "/usr/bin/true";
            OTHER_SWIFT_FLAGS = (
               "-swift-version",
               "5",
               "-I",
               "$(TOOLCHAIN_DIR)/usr/lib/swift/pm/4_2",
               "-target",
               "x86_64-apple-macosx10.10",
               "-sdk",
               "/Applications/Xcode.app/Contents/Developer/Platforms/MacOSX.platform/Developer/SDKs/MacOSX10.15.sdk",
               "-package-description-version",
               "5.0.0"
            );
            SWIFT_VERSION = "5.0";
         };
         name = "Release";
      };
      "OBJ_335" = {
         isa = "PBXSourcesBuildPhase";
         files = (
            "OBJ_336"
         );
      };
      "OBJ_336" = {
         isa = "PBXBuildFile";
         fileRef = "OBJ_44";
      };
      "OBJ_34" = {
         isa = "PBXFileReference";
         path = "HeartbeatChannel.swift";
         sourceTree = "<group>";
      };
      "OBJ_35" = {
         isa = "PBXFileReference";
         path = "MediaControlChannel.swift";
         sourceTree = "<group>";
      };
      "OBJ_36" = {
         isa = "PBXFileReference";
         path = "MultizoneControlChannel.swift";
         sourceTree = "<group>";
      };
      "OBJ_37" = {
         isa = "PBXFileReference";
         path = "ReceiverControlChannel.swift";
         sourceTree = "<group>";
      };
      "OBJ_38" = {
         isa = "PBXFileReference";
         path = "RequestSink.swift";
         sourceTree = "<group>";
      };
      "OBJ_39" = {
         isa = "PBXGroup";
         children = (
         );
         name = "Tests";
         path = "";
         sourceTree = "SOURCE_ROOT";
      };
      "OBJ_4" = {
         isa = "XCBuildConfiguration";
         buildSettings = {
            CLANG_ENABLE_OBJC_ARC = "YES";
            COMBINE_HIDPI_IMAGES = "YES";
            COPY_PHASE_STRIP = "YES";
            DEBUG_INFORMATION_FORMAT = "dwarf-with-dsym";
            DYLIB_INSTALL_NAME_BASE = "@rpath";
            GCC_OPTIMIZATION_LEVEL = "s";
            GCC_PREPROCESSOR_DEFINITIONS = (
               "$(inherited)",
               "SWIFT_PACKAGE=1"
            );
            MACOSX_DEPLOYMENT_TARGET = "10.10";
            OTHER_SWIFT_FLAGS = (
               "$(inherited)",
               "-DXcode"
            );
            PRODUCT_NAME = "$(TARGET_NAME)";
            SDKROOT = "macosx";
            SUPPORTED_PLATFORMS = (
               "macosx",
               "iphoneos",
               "iphonesimulator",
               "appletvos",
               "appletvsimulator",
               "watchos",
               "watchsimulator"
            );
            SWIFT_ACTIVE_COMPILATION_CONDITIONS = (
               "$(inherited)",
               "SWIFT_PACKAGE"
            );
            SWIFT_OPTIMIZATION_LEVEL = "-Owholemodule";
            USE_HEADERMAP = "NO";
         };
         name = "Release";
      };
      "OBJ_40" = {
         isa = "PBXGroup";
         children = (
            "OBJ_41",
            "OBJ_45"
         );
         name = "Dependencies";
         path = "";
         sourceTree = "<group>";
      };
      "OBJ_41" = {
         isa = "PBXGroup";
         children = (
            "OBJ_42",
            "OBJ_44"
         );
         name = "SwiftyJSON 5.0.0";
         path = "";
         sourceTree = "SOURCE_ROOT";
      };
      "OBJ_42" = {
         isa = "PBXGroup";
         children = (
            "OBJ_43"
         );
         name = "SwiftyJSON";
         path = ".build/checkouts/SwiftyJSON/Source/SwiftyJSON";
         sourceTree = "SOURCE_ROOT";
      };
      "OBJ_43" = {
         isa = "PBXFileReference";
         path = "SwiftyJSON.swift";
         sourceTree = "<group>";
      };
      "OBJ_44" = {
         isa = "PBXFileReference";
         explicitFileType = "sourcecode.swift";
         name = "Package.swift";
         path = "/Users/marcus/Documents/Projects/OpenCastSwift/.build/checkouts/SwiftyJSON/Package.swift";
         sourceTree = "<group>";
      };
      "OBJ_45" = {
         isa = "PBXGroup";
         children = (
            "OBJ_46",
            "OBJ_129",
            "OBJ_147",
            "OBJ_148"
         );
         name = "SwiftProtobuf 1.9.0";
         path = "";
         sourceTree = "SOURCE_ROOT";
      };
      "OBJ_46" = {
         isa = "PBXGroup";
         children = (
            "OBJ_47",
            "OBJ_48",
            "OBJ_49",
            "OBJ_50",
            "OBJ_51",
            "OBJ_52",
            "OBJ_53",
            "OBJ_54",
            "OBJ_55",
            "OBJ_56",
            "OBJ_57",
            "OBJ_58",
            "OBJ_59",
            "OBJ_60",
            "OBJ_61",
            "OBJ_62",
            "OBJ_63",
            "OBJ_64",
            "OBJ_65",
            "OBJ_66",
            "OBJ_67",
            "OBJ_68",
            "OBJ_69",
            "OBJ_70",
            "OBJ_71",
            "OBJ_72",
            "OBJ_73",
            "OBJ_74",
            "OBJ_75",
            "OBJ_76",
            "OBJ_77",
            "OBJ_78",
            "OBJ_79",
            "OBJ_80",
            "OBJ_81",
            "OBJ_82",
            "OBJ_83",
            "OBJ_84",
            "OBJ_85",
            "OBJ_86",
            "OBJ_87",
            "OBJ_88",
            "OBJ_89",
            "OBJ_90",
            "OBJ_91",
            "OBJ_92",
            "OBJ_93",
            "OBJ_94",
            "OBJ_95",
            "OBJ_96",
            "OBJ_97",
            "OBJ_98",
            "OBJ_99",
            "OBJ_100",
            "OBJ_101",
            "OBJ_102",
            "OBJ_103",
            "OBJ_104",
            "OBJ_105",
            "OBJ_106",
            "OBJ_107",
            "OBJ_108",
            "OBJ_109",
            "OBJ_110",
            "OBJ_111",
            "OBJ_112",
            "OBJ_113",
            "OBJ_114",
            "OBJ_115",
            "OBJ_116",
            "OBJ_117",
            "OBJ_118",
            "OBJ_119",
            "OBJ_120",
            "OBJ_121",
            "OBJ_122",
            "OBJ_123",
            "OBJ_124",
            "OBJ_125",
            "OBJ_126",
            "OBJ_127",
            "OBJ_128"
         );
         name = "SwiftProtobuf";
         path = ".build/checkouts/swift-protobuf/Sources/SwiftProtobuf";
         sourceTree = "SOURCE_ROOT";
      };
      "OBJ_47" = {
         isa = "PBXFileReference";
         path = "AnyMessageStorage.swift";
         sourceTree = "<group>";
      };
      "OBJ_48" = {
         isa = "PBXFileReference";
         path = "AnyUnpackError.swift";
         sourceTree = "<group>";
      };
      "OBJ_49" = {
         isa = "PBXFileReference";
         path = "BinaryDecoder.swift";
         sourceTree = "<group>";
      };
      "OBJ_5" = {
         isa = "PBXGroup";
         children = (
            "OBJ_6",
            "OBJ_7",
            "OBJ_39",
            "OBJ_40",
            "OBJ_149",
            "OBJ_154",
            "OBJ_155",
            "OBJ_156",
            "OBJ_157",
            "OBJ_158",
            "OBJ_159",
            "OBJ_160",
            "OBJ_161"
         );
         path = "";
         sourceTree = "<group>";
      };
      "OBJ_50" = {
         isa = "PBXFileReference";
         path = "BinaryDecodingError.swift";
         sourceTree = "<group>";
      };
      "OBJ_51" = {
         isa = "PBXFileReference";
         path = "BinaryDecodingOptions.swift";
         sourceTree = "<group>";
      };
      "OBJ_52" = {
         isa = "PBXFileReference";
         path = "BinaryDelimited.swift";
         sourceTree = "<group>";
      };
      "OBJ_53" = {
         isa = "PBXFileReference";
         path = "BinaryEncoder.swift";
         sourceTree = "<group>";
      };
      "OBJ_54" = {
         isa = "PBXFileReference";
         path = "BinaryEncodingError.swift";
         sourceTree = "<group>";
      };
      "OBJ_55" = {
         isa = "PBXFileReference";
         path = "BinaryEncodingSizeVisitor.swift";
         sourceTree = "<group>";
      };
      "OBJ_56" = {
         isa = "PBXFileReference";
         path = "BinaryEncodingVisitor.swift";
         sourceTree = "<group>";
      };
      "OBJ_57" = {
         isa = "PBXFileReference";
         path = "CustomJSONCodable.swift";
         sourceTree = "<group>";
      };
      "OBJ_58" = {
         isa = "PBXFileReference";
         path = "Data+Extensions.swift";
         sourceTree = "<group>";
      };
      "OBJ_59" = {
         isa = "PBXFileReference";
         path = "Decoder.swift";
         sourceTree = "<group>";
      };
      "OBJ_6" = {
         isa = "PBXFileReference";
         explicitFileType = "sourcecode.swift";
         path = "Package.swift";
         sourceTree = "<group>";
      };
      "OBJ_60" = {
         isa = "PBXFileReference";
         path = "DoubleParser.swift";
         sourceTree = "<group>";
      };
      "OBJ_61" = {
         isa = "PBXFileReference";
         path = "Enum.swift";
         sourceTree = "<group>";
      };
      "OBJ_62" = {
         isa = "PBXFileReference";
         path = "ExtensibleMessage.swift";
         sourceTree = "<group>";
      };
      "OBJ_63" = {
         isa = "PBXFileReference";
         path = "ExtensionFieldValueSet.swift";
         sourceTree = "<group>";
      };
      "OBJ_64" = {
         isa = "PBXFileReference";
         path = "ExtensionFields.swift";
         sourceTree = "<group>";
      };
      "OBJ_65" = {
         isa = "PBXFileReference";
         path = "ExtensionMap.swift";
         sourceTree = "<group>";
      };
      "OBJ_66" = {
         isa = "PBXFileReference";
         path = "FieldTag.swift";
         sourceTree = "<group>";
      };
      "OBJ_67" = {
         isa = "PBXFileReference";
         path = "FieldTypes.swift";
         sourceTree = "<group>";
      };
      "OBJ_68" = {
         isa = "PBXFileReference";
         path = "Google_Protobuf_Any+Extensions.swift";
         sourceTree = "<group>";
      };
      "OBJ_69" = {
         isa = "PBXFileReference";
         path = "Google_Protobuf_Any+Registry.swift";
         sourceTree = "<group>";
      };
      "OBJ_7" = {
         isa = "PBXGroup";
         children = (
            "OBJ_8",
            "OBJ_10",
            "OBJ_14",
            "OBJ_24"
         );
         name = "Sources";
         path = "Source";
         sourceTree = "SOURCE_ROOT";
      };
      "OBJ_70" = {
         isa = "PBXFileReference";
         path = "Google_Protobuf_Duration+Extensions.swift";
         sourceTree = "<group>";
      };
      "OBJ_71" = {
         isa = "PBXFileReference";
         path = "Google_Protobuf_FieldMask+Extensions.swift";
         sourceTree = "<group>";
      };
      "OBJ_72" = {
         isa = "PBXFileReference";
         path = "Google_Protobuf_ListValue+Extensions.swift";
         sourceTree = "<group>";
      };
      "OBJ_73" = {
         isa = "PBXFileReference";
         path = "Google_Protobuf_Struct+Extensions.swift";
         sourceTree = "<group>";
      };
      "OBJ_74" = {
         isa = "PBXFileReference";
         path = "Google_Protobuf_Timestamp+Extensions.swift";
         sourceTree = "<group>";
      };
      "OBJ_75" = {
         isa = "PBXFileReference";
         path = "Google_Protobuf_Value+Extensions.swift";
         sourceTree = "<group>";
      };
      "OBJ_76" = {
         isa = "PBXFileReference";
         path = "Google_Protobuf_Wrappers+Extensions.swift";
         sourceTree = "<group>";
      };
      "OBJ_77" = {
         isa = "PBXFileReference";
         path = "HashVisitor.swift";
         sourceTree = "<group>";
      };
      "OBJ_78" = {
         isa = "PBXFileReference";
         path = "Internal.swift";
         sourceTree = "<group>";
      };
      "OBJ_79" = {
         isa = "PBXFileReference";
         path = "JSONDecoder.swift";
         sourceTree = "<group>";
      };
      "OBJ_8" = {
         isa = "PBXGroup";
         children = (
            "OBJ_9"
         );
         name = "Definitions";
         path = "Definitions";
         sourceTree = "<group>";
      };
      "OBJ_80" = {
         isa = "PBXFileReference";
         path = "JSONDecodingError.swift";
         sourceTree = "<group>";
      };
      "OBJ_81" = {
         isa = "PBXFileReference";
         path = "JSONDecodingOptions.swift";
         sourceTree = "<group>";
      };
      "OBJ_82" = {
         isa = "PBXFileReference";
         path = "JSONEncoder.swift";
         sourceTree = "<group>";
      };
      "OBJ_83" = {
         isa = "PBXFileReference";
         path = "JSONEncodingError.swift";
         sourceTree = "<group>";
      };
      "OBJ_84" = {
         isa = "PBXFileReference";
         path = "JSONEncodingOptions.swift";
         sourceTree = "<group>";
      };
      "OBJ_85" = {
         isa = "PBXFileReference";
         path = "JSONEncodingVisitor.swift";
         sourceTree = "<group>";
      };
      "OBJ_86" = {
         isa = "PBXFileReference";
         path = "JSONMapEncodingVisitor.swift";
         sourceTree = "<group>";
      };
      "OBJ_87" = {
         isa = "PBXFileReference";
         path = "JSONScanner.swift";
         sourceTree = "<group>";
      };
      "OBJ_88" = {
         isa = "PBXFileReference";
         path = "MathUtils.swift";
         sourceTree = "<group>";
      };
      "OBJ_89" = {
         isa = "PBXFileReference";
         path = "Message+AnyAdditions.swift";
         sourceTree = "<group>";
      };
      "OBJ_9" = {
         isa = "PBXFileReference";
         path = "CASTV2Protocol.swift";
         sourceTree = "<group>";
      };
      "OBJ_90" = {
         isa = "PBXFileReference";
         path = "Message+BinaryAdditions.swift";
         sourceTree = "<group>";
      };
      "OBJ_91" = {
         isa = "PBXFileReference";
         path = "Message+JSONAdditions.swift";
         sourceTree = "<group>";
      };
      "OBJ_92" = {
         isa = "PBXFileReference";
         path = "Message+JSONArrayAdditions.swift";
         sourceTree = "<group>";
      };
      "OBJ_93" = {
         isa = "PBXFileReference";
         path = "Message+TextFormatAdditions.swift";
         sourceTree = "<group>";
      };
      "OBJ_94" = {
         isa = "PBXFileReference";
         path = "Message.swift";
         sourceTree = "<group>";
      };
      "OBJ_95" = {
         isa = "PBXFileReference";
         path = "MessageExtension.swift";
         sourceTree = "<group>";
      };
      "OBJ_96" = {
         isa = "PBXFileReference";
         path = "NameMap.swift";
         sourceTree = "<group>";
      };
      "OBJ_97" = {
         isa = "PBXFileReference";
         path = "ProtoNameProviding.swift";
         sourceTree = "<group>";
      };
      "OBJ_98" = {
         isa = "PBXFileReference";
         path = "ProtobufAPIVersionCheck.swift";
         sourceTree = "<group>";
      };
      "OBJ_99" = {
         isa = "PBXFileReference";
         path = "ProtobufMap.swift";
         sourceTree = "<group>";
      };
      "OpenCastSwift::OpenCastSwift" = {
         isa = "PBXNativeTarget";
         buildConfigurationList = "OBJ_163";
         buildPhases = (
            "OBJ_166",
            "OBJ_192"
         );
         dependencies = (
            "OBJ_196",
            "OBJ_198",
            "OBJ_200"
         );
         name = "OpenCastSwift";
         productName = "OpenCastSwift";
         productReference = "OpenCastSwift::OpenCastSwift::Product";
         productType = "com.apple.product-type.framework";
      };
      "OpenCastSwift::OpenCastSwift::Product" = {
         isa = "PBXFileReference";
         path = "OpenCastSwift.framework";
         sourceTree = "BUILT_PRODUCTS_DIR";
      };
      "OpenCastSwift::SwiftPMPackageDescription" = {
         isa = "PBXNativeTarget";
         buildConfigurationList = "OBJ_203";
         buildPhases = (
            "OBJ_206"
         );
         dependencies = (
         );
         name = "OpenCastSwiftPackageDescription";
         productName = "OpenCastSwiftPackageDescription";
         productType = "com.apple.product-type.framework";
      };
      "SwiftProtobuf::SwiftPMPackageDescription" = {
         isa = "PBXNativeTarget";
         buildConfigurationList = "OBJ_296";
         buildPhases = (
            "OBJ_299"
         );
         dependencies = (
         );
         name = "SwiftProtobufPackageDescription";
         productName = "SwiftProtobufPackageDescription";
         productType = "com.apple.product-type.framework";
      };
      "SwiftProtobuf::SwiftProtobuf" = {
         isa = "PBXNativeTarget";
         buildConfigurationList = "OBJ_208";
         buildPhases = (
            "OBJ_211",
            "OBJ_294"
         );
         dependencies = (
         );
         name = "SwiftProtobuf";
         productName = "SwiftProtobuf";
         productReference = "SwiftProtobuf::SwiftProtobuf::Product";
         productType = "com.apple.product-type.framework";
      };
      "SwiftProtobuf::SwiftProtobuf::Product" = {
         isa = "PBXFileReference";
         path = "SwiftProtobuf.framework";
         sourceTree = "BUILT_PRODUCTS_DIR";
      };
      "SwiftProtobuf::SwiftProtobufPluginLibrary" = {
         isa = "PBXNativeTarget";
         buildConfigurationList = "OBJ_301";
         buildPhases = (
            "OBJ_304",
            "OBJ_322"
         );
         dependencies = (
            "OBJ_324"
         );
         name = "SwiftProtobufPluginLibrary";
         productName = "SwiftProtobufPluginLibrary";
         productReference = "SwiftProtobuf::SwiftProtobufPluginLibrary::Product";
         productType = "com.apple.product-type.framework";
      };
      "SwiftProtobuf::SwiftProtobufPluginLibrary::Product" = {
         isa = "PBXFileReference";
         path = "SwiftProtobufPluginLibrary.framework";
         sourceTree = "BUILT_PRODUCTS_DIR";
      };
      "SwiftyJSON::SwiftPMPackageDescription" = {
         isa = "PBXNativeTarget";
         buildConfigurationList = "OBJ_332";
         buildPhases = (
            "OBJ_335"
         );
         dependencies = (
         );
         name = "SwiftyJSONPackageDescription";
         productName = "SwiftyJSONPackageDescription";
         productType = "com.apple.product-type.framework";
      };
      "SwiftyJSON::SwiftyJSON" = {
         isa = "PBXNativeTarget";
         buildConfigurationList = "OBJ_325";
         buildPhases = (
            "OBJ_328",
            "OBJ_330"
         );
         dependencies = (
         );
         name = "SwiftyJSON";
         productName = "SwiftyJSON";
         productReference = "SwiftyJSON::SwiftyJSON::Product";
         productType = "com.apple.product-type.framework";
      };
      "SwiftyJSON::SwiftyJSON::Product" = {
         isa = "PBXFileReference";
         path = "SwiftyJSON.framework";
         sourceTree = "BUILT_PRODUCTS_DIR";
      };
   };
   rootObject = "OBJ_1";
}
